{
  "name": "cordova-plugin-printer",
  "version": "0.8.1",
  "lockfileVersion": 2,
  "requires": true,
  "packages": {
    "": {
      "name": "cordova-plugin-printer",
      "version": "0.8.1",
      "engines": [
        {
          "name": "cordova",
          "version": ">=3.0.0"
        },
        {
          "name": "android-sdk",
          "version": ">=19"
        },
        {
          "name": "apple-ios",
          "version": ">=8.0"
        }
      ],
      "license": "Apache 2.0"
    }
  }
}
